
Microsoft Visual Studio Solution File, Format Version 12.00
# Visual Studio Version 16
VisualStudioVersion = 16.0.30413.136
MinimumVisualStudioVersion = 10.0.40219.1
Project("{FAE04EC0-301F-11D3-BF4B-00C04F79EFBC}") = "Students", "Students\Students.csproj", "{37C720D0-9400-465A-B7AC-CF2F1E10D4B5}"
EndProject
Global
	GlobalSection(SolutionConfigurationPlatforms) = preSolution
		Debug|Any CPU = Debug|Any CPU
		Release|Any CPU = Release|Any CPU
	EndGlobalSection
	GlobalSection(ProjectConfigurationPlatforms) = postSolution
		{37C720D0-9400-465A-B7AC-CF2F1E10D4B5}.Debug|Any CPU.ActiveCfg = Debug|Any CPU
		{37C720D0-9400-465A-B7AC-CF2F1E10D4B5}.Debug|Any CPU.Build.0 = Debug|Any CPU
		{37C720D0-9400-465A-B7AC-CF2F1E10D4B5}.Release|Any CPU.ActiveCfg = Release|Any CPU
		{37C720D0-9400-465A-B7AC-CF2F1E10D4B5}.Release|Any CPU.Build.0 = Release|Any CPU
	EndGlobalSection
	GlobalSection(SolutionProperties) = preSolution
		HideSolutionNode = FALSE
	EndGlobalSection
	GlobalSection(ExtensibilityGlobals) = postSolution
		SolutionGuid = {D748655B-27C2-4262-99C0-5E17C20AF0C5}
	EndGlobalSection
EndGlobal
